<?xml version="1.0" encoding="utf-8"?>
<Project ToolsVersion="4.0" xmlns="http://schemas.microsoft.com/developer/msbuild/2003">
  <ItemGroup>
    <Filter Include="Framework">
      <UniqueIdentifier>{a3a64b65-f57e-4f2c-8396-15dd65c0887a}</UniqueIdentifier>
    </Filter>
    <Filter Include="Framework\Animations">
      <UniqueIdentifier>{54a98974-11a8-48a8-8e56-7a29d5a9c690}</UniqueIdentifier>
    </Filter>
    <Filter Include="Framework\Debug">
      <UniqueIdentifier>{450f8960-8692-4e7c-8d34-59373ce4722f}</UniqueIdentifier>
    </Filter>
    <Filter Include="Framework\Game">
      <UniqueIdentifier>{e797a386-d2da-4d1c-aa38-f3531ce1e01b}</UniqueIdentifier>
    </Filter>
    <Filter Include="Framework\Scene">
      <UniqueIdentifier>{ee6d4625-9452-43c4-8452-ff9285a277d0}</UniqueIdentifier>
    </Filter>
    <Filter Include="Framework\KeyEventHandler">
      <UniqueIdentifier>{b827c691-4f06-4e43-97b3-55137909f243}</UniqueIdentifier>
    </Filter>
    <Filter Include="Object">
      <UniqueIdentifier>{38d33497-6716-4cda-9ae9-66ccec244def}</UniqueIdentifier>
    </Filter>
    <Filter Include="Object\GameObject">
      <UniqueIdentifier>{9db24c9c-34b6-4527-995d-e0c2f3ddbe92}</UniqueIdentifier>
    </Filter>
    <Filter Include="Object\GameObject\Mario">
      <UniqueIdentifier>{ec54773f-bbe8-47d9-8bd0-3b077e4c0201}</UniqueIdentifier>
    </Filter>
    <Filter Include="Object\GameObject\Brick">
      <UniqueIdentifier>{bd300daf-3a2b-43d3-ad9a-54d08a7d252b}</UniqueIdentifier>
    </Filter>
    <Filter Include="Object\GameObject\Portal">
      <UniqueIdentifier>{daf0e347-a20b-4016-863f-788aedf7b3b5}</UniqueIdentifier>
    </Filter>
    <Filter Include="Object\GameObject\Enemy">
      <UniqueIdentifier>{3c1d2036-67b6-45c6-ae18-1ca68a7ba795}</UniqueIdentifier>
    </Filter>
    <Filter Include="Object\GameObject\Enemy\Goomba">
      <UniqueIdentifier>{38b1c751-3729-4e12-a201-974dc762db41}</UniqueIdentifier>
    </Filter>
    <Filter Include="Terrain">
      <UniqueIdentifier>{4c0d4155-a3b6-4639-9b2b-ef185bc5d852}</UniqueIdentifier>
    </Filter>
    <Filter Include="Object\GameObject\Enemy\Koopas">
      <UniqueIdentifier>{cc7bc873-a9f6-4862-aed6-ebcbf6d96c0f}</UniqueIdentifier>
    </Filter>
    <Filter Include="Object\GameObject\Enemy\FireFlower">
      <UniqueIdentifier>{a8673fcc-08d8-4e7f-a0a4-4f1afb622cea}</UniqueIdentifier>
    </Filter>
    <Filter Include="Object\GameObject\Mario\MarioWeapon">
      <UniqueIdentifier>{c0d0e0cb-e29e-4ccb-82cb-e36b2bc8815b}</UniqueIdentifier>
    </Filter>
    <Filter Include="Object\GameObject\Enemy\FireFlower\FireFlowerWeapon">
      <UniqueIdentifier>{cde5a8ec-b33b-4b4c-bb19-1cedf50c6cda}</UniqueIdentifier>
    </Filter>
    <Filter Include="Object\GameObject\Bounty">
      <UniqueIdentifier>{e920dcc3-b8b6-4890-8f82-71be1ea14e62}</UniqueIdentifier>
    </Filter>
    <Filter Include="Object\GameObject\Coin">
      <UniqueIdentifier>{51be6ea0-1c83-43ea-846d-2deffb2974dc}</UniqueIdentifier>
    </Filter>
    <Filter Include="Object\GameObject\HiddenObject">
      <UniqueIdentifier>{5c8472bd-bdd1-4709-bb30-3722a51aade7}</UniqueIdentifier>
    </Filter>
    <Filter Include="Framework\Camera">
      <UniqueIdentifier>{36072578-d1e9-483b-83f4-f39de80e8030}</UniqueIdentifier>
    </Filter>
    <Filter Include="Framework\Scene\Scene_Intro">
      <UniqueIdentifier>{dc6693e3-5829-4ccb-86e2-2edcd439ddb8}</UniqueIdentifier>
    </Filter>
    <Filter Include="Object\GameObject\Brick\WeakBrick">
      <UniqueIdentifier>{c530b2b2-71b6-407a-b9fa-8ffeea6cb193}</UniqueIdentifier>
    </Filter>
    <Filter Include="Object\GameObject\Brick\Fragment">
      <UniqueIdentifier>{a1c1911c-9ea1-4405-aa0f-312bd6f18323}</UniqueIdentifier>
    </Filter>
    <Filter Include="Object\GameObject\Brick\BountyBrick">
      <UniqueIdentifier>{d094aa25-e0e4-4291-b04f-a959dbd7da8b}</UniqueIdentifier>
    </Filter>
    <Filter Include="Object\GameObject\BountyButton">
      <UniqueIdentifier>{7785a3fc-a862-40f2-940d-4a6350cf91cb}</UniqueIdentifier>
    </Filter>
    <Filter Include="Object\GameObject\Brick\SpecialBrick">
      <UniqueIdentifier>{047e8f42-db62-477d-9165-3f256f530c71}</UniqueIdentifier>
    </Filter>
    <Filter Include="Object\GameObject\Effect">
      <UniqueIdentifier>{fbfe28e4-562b-417b-8618-1ed90fbf50e7}</UniqueIdentifier>
    </Filter>
    <Filter Include="Object\HUD">
      <UniqueIdentifier>{3d3aa59a-159f-44b8-bacf-2f65a9f92c77}</UniqueIdentifier>
    </Filter>
    <Filter Include="Object\HUD\ScoreBoard">
      <UniqueIdentifier>{432cb073-b861-4124-876e-ef4cec89625f}</UniqueIdentifier>
    </Filter>
    <Filter Include="Object\HUD\Square">
      <UniqueIdentifier>{c7e2846b-3000-4273-a4aa-c4962b1b1f65}</UniqueIdentifier>
    </Filter>
    <Filter Include="Object\HUD\Font">
      <UniqueIdentifier>{f6a820bc-680e-4f09-bd5f-56cda73df34d}</UniqueIdentifier>
    </Filter>
    <Filter Include="Object\GameObject\MysteryPiece">
      <UniqueIdentifier>{8a17e144-5950-48b4-9ad1-cfa826f2dde9}</UniqueIdentifier>
    </Filter>
    <Filter Include="Framework\Scene\PlayScence">
      <UniqueIdentifier>{a947d85e-510c-42ce-924b-5b68f3165484}</UniqueIdentifier>
    </Filter>
    <Filter Include="Framework\Scene\WorldScence">
      <UniqueIdentifier>{da3585ef-ae32-47d9-94b9-6a641d964580}</UniqueIdentifier>
    </Filter>
    <Filter Include="Object\GameObject\Message">
      <UniqueIdentifier>{f8e6f636-d559-4611-8b96-e63bd70f186b}</UniqueIdentifier>
    </Filter>
    <Filter Include="Object\GameObject\HiddenDoor">
      <UniqueIdentifier>{1544524a-c837-4b5f-9557-65c3aa60e042}</UniqueIdentifier>
    </Filter>
    <Filter Include="Object\GameObject\AutoDoor">
      <UniqueIdentifier>{069c0bc3-8bc8-4d54-84ca-e96c30c7e54a}</UniqueIdentifier>
    </Filter>
  </ItemGroup>
  <ItemGroup>
    <ClCompile Include="Animations.cpp">
      <Filter>Framework\Animations</Filter>
    </ClCompile>
    <ClCompile Include="Utils.cpp">
      <Filter>Framework\Debug</Filter>
    </ClCompile>
    <ClCompile Include="Game.cpp">
      <Filter>Framework\Game</Filter>
    </ClCompile>
    <ClCompile Include="Scence.cpp">
      <Filter>Framework\Scene</Filter>
    </ClCompile>
    <ClCompile Include="main.cpp">
      <Filter>Framework</Filter>
    </ClCompile>
    <ClCompile Include="Textures.cpp">
      <Filter>Framework\Animations</Filter>
    </ClCompile>
    <ClCompile Include="Sprites.cpp">
      <Filter>Framework\Animations</Filter>
    </ClCompile>
    <ClCompile Include="GameObject.cpp">
      <Filter>Object\GameObject</Filter>
    </ClCompile>
    <ClCompile Include="Mario.cpp">
      <Filter>Object\GameObject\Mario</Filter>
    </ClCompile>
    <ClCompile Include="Brick.cpp">
      <Filter>Object\GameObject\Brick</Filter>
    </ClCompile>
    <ClCompile Include="Goomba.cpp">
      <Filter>Object\GameObject\Enemy\Goomba</Filter>
    </ClCompile>
    <ClCompile Include="Koopas.cpp">
      <Filter>Object\GameObject\Enemy\Koopas</Filter>
    </ClCompile>
    <ClCompile Include="Portal.cpp">
      <Filter>Object\GameObject\Portal</Filter>
    </ClCompile>
    <ClCompile Include="Terrain.cpp">
      <Filter>Terrain</Filter>
    </ClCompile>
    <ClCompile Include="FireFlower.cpp">
      <Filter>Object\GameObject\Enemy\FireFlower</Filter>
    </ClCompile>
    <ClCompile Include="FireBall.cpp">
      <Filter>Object\GameObject\Mario\MarioWeapon</Filter>
    </ClCompile>
    <ClCompile Include="FireBallFlower.cpp">
      <Filter>Object\GameObject\Enemy\FireFlower\FireFlowerWeapon</Filter>
    </ClCompile>
    <ClCompile Include="Bounty.cpp">
      <Filter>Object\GameObject\Bounty</Filter>
    </ClCompile>
    <ClCompile Include="Coin.cpp">
      <Filter>Object\GameObject\Coin</Filter>
    </ClCompile>
    <ClCompile Include="HiddenObject.cpp">
      <Filter>Object\GameObject\HiddenObject</Filter>
    </ClCompile>
    <ClCompile Include="Camera.cpp">
      <Filter>Framework\Camera</Filter>
    </ClCompile>
    <ClCompile Include="WeakBrick.cpp">
      <Filter>Object\GameObject\Brick\WeakBrick</Filter>
    </ClCompile>
    <ClCompile Include="Fragment.cpp">
      <Filter>Object\GameObject\Brick\Fragment</Filter>
    </ClCompile>
    <ClCompile Include="BountyBrick.cpp">
      <Filter>Object\GameObject\Brick\BountyBrick</Filter>
    </ClCompile>
    <ClCompile Include="BountyButton.cpp">
      <Filter>Object\GameObject\BountyButton</Filter>
    </ClCompile>
    <ClCompile Include="SpecialBrick.cpp">
      <Filter>Object\GameObject\Brick\SpecialBrick</Filter>
    </ClCompile>
    <ClCompile Include="Effect.cpp">
      <Filter>Object\GameObject\Effect</Filter>
    </ClCompile>
    <ClCompile Include="ScoreBoard.cpp">
      <Filter>Object\HUD\ScoreBoard</Filter>
    </ClCompile>
    <ClCompile Include="Hud.cpp">
      <Filter>Object\HUD</Filter>
    </ClCompile>
    <ClCompile Include="Font.cpp">
      <Filter>Object\HUD\Font</Filter>
    </ClCompile>
    <ClCompile Include="Square.cpp">
      <Filter>Object\HUD\Square</Filter>
    </ClCompile>
    <ClCompile Include="MysteryPiece.cpp">
      <Filter>Object\GameObject\MysteryPiece</Filter>
    </ClCompile>
    <ClCompile Include="PlayScence.cpp">
      <Filter>Framework\Scene\PlayScence</Filter>
    </ClCompile>
    <ClCompile Include="WorldScence.cpp">
      <Filter>Framework\Scene\WorldScence</Filter>
    </ClCompile>
    <ClCompile Include="Message.cpp">
      <Filter>Object\GameObject\Message</Filter>
    </ClCompile>
    <ClCompile Include="HiddenDoor.cpp">
      <Filter>Object\GameObject\HiddenDoor</Filter>
    </ClCompile>
    <ClCompile Include="AutoDoor.cpp">
      <Filter>Object\GameObject\AutoDoor</Filter>
    </ClCompile>
  </ItemGroup>
  <ItemGroup>
    <ClInclude Include="Animations.h">
      <Filter>Framework\Animations</Filter>
    </ClInclude>
    <ClInclude Include="Utils.h">
      <Filter>Framework\Debug</Filter>
    </ClInclude>
    <ClInclude Include="Game.h">
      <Filter>Framework\Game</Filter>
    </ClInclude>
    <ClInclude Include="Scence.h">
      <Filter>Framework\Scene</Filter>
    </ClInclude>
    <ClInclude Include="KeyEventHandler.h">
      <Filter>Framework\KeyEventHandler</Filter>
    </ClInclude>
    <ClInclude Include="Sprites.h">
      <Filter>Framework\Animations</Filter>
    </ClInclude>
    <ClInclude Include="Textures.h">
      <Filter>Framework\Animations</Filter>
    </ClInclude>
    <ClInclude Include="GameObject.h">
      <Filter>Object\GameObject</Filter>
    </ClInclude>
    <ClInclude Include="Mario.h">
      <Filter>Object\GameObject\Mario</Filter>
    </ClInclude>
    <ClInclude Include="Brick.h">
      <Filter>Object\GameObject\Brick</Filter>
    </ClInclude>
    <ClInclude Include="Goomba.h">
      <Filter>Object\GameObject\Enemy\Goomba</Filter>
    </ClInclude>
    <ClInclude Include="Koopas.h">
      <Filter>Object\GameObject\Enemy\Koopas</Filter>
    </ClInclude>
    <ClInclude Include="Portal.h">
      <Filter>Object\GameObject\Portal</Filter>
    </ClInclude>
    <ClInclude Include="Terrain.h">
      <Filter>Terrain</Filter>
    </ClInclude>
    <ClInclude Include="FireFlower.h">
      <Filter>Object\GameObject\Enemy\FireFlower</Filter>
    </ClInclude>
    <ClInclude Include="FireBall.h">
      <Filter>Object\GameObject\Mario\MarioWeapon</Filter>
    </ClInclude>
    <ClInclude Include="FireBallFLower.h">
      <Filter>Object\GameObject\Enemy\FireFlower\FireFlowerWeapon</Filter>
    </ClInclude>
    <ClInclude Include="Bounty.h">
      <Filter>Object\GameObject\Bounty</Filter>
    </ClInclude>
    <ClInclude Include="Coin.h">
      <Filter>Object\GameObject\Coin</Filter>
    </ClInclude>
    <ClInclude Include="HiddenObject.h">
      <Filter>Object\GameObject\HiddenObject</Filter>
    </ClInclude>
    <ClInclude Include="Camera.h">
      <Filter>Framework\Camera</Filter>
    </ClInclude>
    <ClInclude Include="SceneIntro.h">
      <Filter>Framework\Scene\Scene_Intro</Filter>
    </ClInclude>
    <ClInclude Include="WeakBrick.h">
      <Filter>Object\GameObject\Brick\WeakBrick</Filter>
    </ClInclude>
    <ClInclude Include="Fragment.h">
      <Filter>Object\GameObject\Brick\Fragment</Filter>
    </ClInclude>
    <ClInclude Include="BountyBrick.h">
      <Filter>Object\GameObject\Brick\BountyBrick</Filter>
    </ClInclude>
    <ClInclude Include="BountyButton.h">
      <Filter>Object\GameObject\BountyButton</Filter>
    </ClInclude>
    <ClInclude Include="SpecialBrick.h">
      <Filter>Object\GameObject\Brick\SpecialBrick</Filter>
    </ClInclude>
    <ClInclude Include="Effect.h">
      <Filter>Object\GameObject\Effect</Filter>
    </ClInclude>
    <ClInclude Include="ScoreBoard.h">
      <Filter>Object\HUD\ScoreBoard</Filter>
    </ClInclude>
    <ClInclude Include="Hud.h">
      <Filter>Object\HUD</Filter>
    </ClInclude>
    <ClInclude Include="Font.h">
      <Filter>Object\HUD\Font</Filter>
    </ClInclude>
    <ClInclude Include="Square.h">
      <Filter>Object\HUD\Square</Filter>
    </ClInclude>
    <ClInclude Include="MysteryPiece.h">
      <Filter>Object\GameObject\MysteryPiece</Filter>
    </ClInclude>
    <ClInclude Include="PlayScence.h">
      <Filter>Framework\Scene\PlayScence</Filter>
    </ClInclude>
    <ClInclude Include="WorldScence.h">
      <Filter>Framework\Scene\WorldScence</Filter>
    </ClInclude>
    <ClInclude Include="Message.h">
      <Filter>Object\GameObject\Message</Filter>
    </ClInclude>
    <ClInclude Include="HiddenDoor.h">
      <Filter>Object\GameObject\HiddenDoor</Filter>
    </ClInclude>
    <ClInclude Include="AutoDoor.h">
      <Filter>Object\GameObject\AutoDoor</Filter>
    </ClInclude>
  </ItemGroup>
</Project>